
Microsoft Visual Studio Solution File, Format Version 12.00
# Visual Studio 15
VisualStudioVersion = 15.0.28010.2036
MinimumVisualStudioVersion = 10.0.40219.1
Project("{FAE04EC0-301F-11D3-BF4B-00C04F79EFBC}") = "PersonalWebPage_MVC", "PersonalWebPage_MVC\PersonalWebPage_MVC.csproj", "{1CC482EA-6722-49DF-92A0-F7E4354163EE}"
EndProject
Global
	GlobalSection(SolutionConfigurationPlatforms) = preSolution
		Debug|Any CPU = Debug|Any CPU
		Release|Any CPU = Release|Any CPU
	EndGlobalSection
	GlobalSection(ProjectConfigurationPlatforms) = postSolution
		{1CC482EA-6722-49DF-92A0-F7E4354163EE}.Debug|Any CPU.ActiveCfg = Debug|Any CPU
		{1CC482EA-6722-49DF-92A0-F7E4354163EE}.Debug|Any CPU.Build.0 = Debug|Any CPU
		{1CC482EA-6722-49DF-92A0-F7E4354163EE}.Release|Any CPU.ActiveCfg = Release|Any CPU
		{1CC482EA-6722-49DF-92A0-F7E4354163EE}.Release|Any CPU.Build.0 = Release|Any CPU
	EndGlobalSection
	GlobalSection(SolutionProperties) = preSolution
		HideSolutionNode = FALSE
	EndGlobalSection
	GlobalSection(ExtensibilityGlobals) = postSolution
		SolutionGuid = {27B984F9-C454-4F42-9C96-CC97A64EBF12}
	EndGlobalSection
EndGlobal
